{
  "name": "gotalk",
  "version": "1.1.4",
  "lockfileVersion": 1,
  "requires": true,
  "dependencies": {
    "esbuild": {
      "version": "0.7.8",
      "resolved": "https://registry.npmjs.org/esbuild/-/esbuild-0.7.8.tgz",
      "integrity": "sha512-6UT1nZB+8ja5avctUC6d3kGOUAhy6/ZYHljL4nk3++1ipadghBhUCAcwsTHsmUvdu04CcGKzo13mE+ZQ2O3zrA==",
      "dev": true
    },
    "estrella": {
      "version": "1.2.8",
      "resolved": "https://registry.npmjs.org/estrella/-/estrella-1.2.8.tgz",
      "integrity": "sha512-TW4O6mbObdA5O6X3U2dPDtmN5d81YCkr9kYjhmkfHm2g9iWquN1vo3GLUWbOLsaniJ/hmWUsfHmrcHJUQzrGBg==",
      "dev": true,
      "requires": {
        "esbuild": ">=0.6.0 <0.8.0",
        "fsevents": "~2.1.2"
      }
    },
    "fsevents": {
      "version": "2.1.3",
      "resolved": "https://registry.npmjs.org/fsevents/-/fsevents-2.1.3.tgz",
      "integrity": "sha512-Auw9a4AxqWpa9GUfj370BMPzzyncfBABW8Mab7BGWBYDj4Isgq+cDKtx0i6u9jcX9pQDnswsaaOTgTmA5pEjuQ==",
      "dev": true,
      "optional": true
    }
  }
}
