{
  "name": "gotalk",
  "version": "1.1.0",
  "lockfileVersion": 1,
  "requires": true,
  "dependencies": {
    "esbuild": {
      "version": "0.6.34",
      "resolved": "https://registry.npmjs.org/esbuild/-/esbuild-0.6.34.tgz",
      "integrity": "sha512-InRdL/Q96pUucPqovJzvuLhquZr6jOn81FDVwFjCKz1rYKIm9OdOC+7Fs4vr6x48vKBl5LzKgtjU39BUpO636A==",
      "dev": true
    },
    "estrella": {
      "version": "1.1.1",
      "resolved": "https://registry.npmjs.org/estrella/-/estrella-1.1.1.tgz",
      "integrity": "sha512-p1s17O589yRmacwXsZv7OV7AYMRZvIOkNAEDnbI9b5PQJ+6hCE4MG2ZI/g77209lvECSOVd4Gn5Y4CKWw0iI/w==",
      "dev": true,
      "requires": {
        "esbuild": "^0.6.x",
        "fsevents": "~2.1.2"
      }
    },
    "fsevents": {
      "version": "2.1.3",
      "resolved": "https://registry.npmjs.org/fsevents/-/fsevents-2.1.3.tgz",
      "integrity": "sha512-Auw9a4AxqWpa9GUfj370BMPzzyncfBABW8Mab7BGWBYDj4Isgq+cDKtx0i6u9jcX9pQDnswsaaOTgTmA5pEjuQ==",
      "dev": true
    }
  }
}
